
Microsoft Visual Studio Solution File, Format Version 12.00
# Visual Studio Version 17
VisualStudioVersion = 17.13.36105.23 d17.13
MinimumVisualStudioVersion = 10.0.40219.1
Project("{F184B08F-C81C-45F6-A57F-5ABD9991F28F}") = "National E-invoicing System JoFotara", "National E-invoicing System JoFotara.vbproj", "{D592778B-8D5B-482F-9CBB-44BFA12E072B}"
EndProject
Global
	GlobalSection(SolutionConfigurationPlatforms) = preSolution
		Debug|Any CPU = Debug|Any CPU
		Release|Any CPU = Release|Any CPU
	EndGlobalSection
	GlobalSection(ProjectConfigurationPlatforms) = postSolution
		{D592778B-8D5B-482F-9CBB-44BFA12E072B}.Debug|Any CPU.ActiveCfg = Debug|Any CPU
		{D592778B-8D5B-482F-9CBB-44BFA12E072B}.Debug|Any CPU.Build.0 = Debug|Any CPU
		{D592778B-8D5B-482F-9CBB-44BFA12E072B}.Release|Any CPU.ActiveCfg = Release|Any CPU
		{D592778B-8D5B-482F-9CBB-44BFA12E072B}.Release|Any CPU.Build.0 = Release|Any CPU
	EndGlobalSection
	GlobalSection(SolutionProperties) = preSolution
		HideSolutionNode = FALSE
	EndGlobalSection
	GlobalSection(ExtensibilityGlobals) = postSolution
		SolutionGuid = {63381F66-D04A-4D61-A898-6FFED35AF1EE}
	EndGlobalSection
EndGlobal
